// !$*UTF8*$!
{
	archiveVersion = 1;
	classes = {
	};
	objectVersion = 46;
	objects = {

/* Begin PBXBuildFile section */
		74A0174E1D530C9B0000C3AF /* AppDelegate.swift in Sources */ = {isa = PBXBuildFile; fileRef = 74A0174D1D530C9B0000C3AF /* AppDelegate.swift */; };
		74A017501D530C9B0000C3AF /* LandingScreenViewController.swift in Sources */ = {isa = PBXBuildFile; fileRef = 74A0174F1D530C9B0000C3AF /* LandingScreenViewController.swift */; };
		74A017531D530C9B0000C3AF /* Main.storyboard in Resources */ = {isa = PBXBuildFile; fileRef = 74A017511D530C9B0000C3AF /* Main.storyboard */; };
		74A017581D530C9B0000C3AF /* LaunchScreen.storyboard in Resources */ = {isa = PBXBuildFile; fileRef = 74A017561D530C9B0000C3AF /* LaunchScreen.storyboard */; };
		74A017631D530C9B0000C3AF /* Rock_Paper_ScissorsTests.swift in Sources */ = {isa = PBXBuildFile; fileRef = 74A017621D530C9B0000C3AF /* Rock_Paper_ScissorsTests.swift */; };
		74A0176E1D530C9B0000C3AF /* Rock_Paper_ScissorsUITests.swift in Sources */ = {isa = PBXBuildFile; fileRef = 74A0176D1D530C9B0000C3AF /* Rock_Paper_ScissorsUITests.swift */; };
		74A0177E1D530ED40000C3AF /* ResultsScreenViewController.swift in Sources */ = {isa = PBXBuildFile; fileRef = 74A0177D1D530ED40000C3AF /* ResultsScreenViewController.swift */; };
		74A017881D53124A0000C3AF /* itsATie.png in Resources */ = {isa = PBXBuildFile; fileRef = 74A017811D53124A0000C3AF /* itsATie.png */; };
		74A017891D53124A0000C3AF /* paper.png in Resources */ = {isa = PBXBuildFile; fileRef = 74A017821D53124A0000C3AF /* paper.png */; };
		74A0178A1D53124A0000C3AF /* PaperCoversRock.jpg in Resources */ = {isa = PBXBuildFile; fileRef = 74A017831D53124A0000C3AF /* PaperCoversRock.jpg */; };
		74A0178B1D53124A0000C3AF /* rock.png in Resources */ = {isa = PBXBuildFile; fileRef = 74A017841D53124A0000C3AF /* rock.png */; };
		74A0178C1D53124A0000C3AF /* RockCrushesScissors.jpeg in Resources */ = {isa = PBXBuildFile; fileRef = 74A017851D53124A0000C3AF /* RockCrushesScissors.jpeg */; };
		74A0178D1D53124A0000C3AF /* scissors.png in Resources */ = {isa = PBXBuildFile; fileRef = 74A017861D53124A0000C3AF /* scissors.png */; };
		74A0178E1D53124A0000C3AF /* ScissorsCutPaper.jpg in Resources */ = {isa = PBXBuildFile; fileRef = 74A017871D53124A0000C3AF /* ScissorsCutPaper.jpg */; };
		74A017901D59A0CD0000C3AF /* gameplay.swift in Sources */ = {isa = PBXBuildFile; fileRef = 74A0178F1D59A0CD0000C3AF /* gameplay.swift */; };
/* End PBXBuildFile section */

/* Begin PBXContainerItemProxy section */
		74A0175F1D530C9B0000C3AF /* PBXContainerItemProxy */ = {
			isa = PBXContainerItemProxy;
			containerPortal = 74A017421D530C9A0000C3AF /* Project object */;
			proxyType = 1;
			remoteGlobalIDString = 74A017491D530C9A0000C3AF;
			remoteInfo = "Rock-Paper-Scissors";
		};
		74A0176A1D530C9B0000C3AF /* PBXContainerItemProxy */ = {
			isa = PBXContainerItemProxy;
			containerPortal = 74A017421D530C9A0000C3AF /* Project object */;
			proxyType = 1;
			remoteGlobalIDString = 74A017491D530C9A0000C3AF;
			remoteInfo = "Rock-Paper-Scissors";
		};
/* End PBXContainerItemProxy section */

/* Begin PBXFileReference section */
		74A0174A1D530C9A0000C3AF /* Rock-Paper-Scissors.app */ = {isa = PBXFileReference; explicitFileType = wrapper.application; includeInIndex = 0; path = "Rock-Paper-Scissors.app"; sourceTree = BUILT_PRODUCTS_DIR; };
		74A0174D1D530C9B0000C3AF /* AppDelegate.swift */ = {isa = PBXFileReference; lastKnownFileType = sourcecode.swift; path = AppDelegate.swift; sourceTree = "<group>"; };
		74A0174F1D530C9B0000C3AF /* LandingScreenViewController.swift */ = {isa = PBXFileReference; lastKnownFileType = sourcecode.swift; path = LandingScreenViewController.swift; sourceTree = "<group>"; };
		74A017521D530C9B0000C3AF /* Base */ = {isa = PBXFileReference; lastKnownFileType = file.storyboard; name = Base; path = Base.lproj/Main.storyboard; sourceTree = "<group>"; };
		74A017571D530C9B0000C3AF /* Base */ = {isa = PBXFileReference; lastKnownFileType = file.storyboard; name = Base; path = Base.lproj/LaunchScreen.storyboard; sourceTree = "<group>"; };
		74A017591D530C9B0000C3AF /* Info.plist */ = {isa = PBXFileReference; lastKnownFileType = text.plist.xml; path = Info.plist; sourceTree = "<group>"; };
		74A0175E1D530C9B0000C3AF /* Rock-Paper-ScissorsTests.xctest */ = {isa = PBXFileReference; explicitFileType = wrapper.cfbundle; includeInIndex = 0; path = "Rock-Paper-ScissorsTests.xctest"; sourceTree = BUILT_PRODUCTS_DIR; };
		74A017621D530C9B0000C3AF /* Rock_Paper_ScissorsTests.swift */ = {isa = PBXFileReference; lastKnownFileType = sourcecode.swift; path = Rock_Paper_ScissorsTests.swift; sourceTree = "<group>"; };
		74A017641D530C9B0000C3AF /* Info.plist */ = {isa = PBXFileReference; lastKnownFileType = text.plist.xml; path = Info.plist; sourceTree = "<group>"; };
		74A017691D530C9B0000C3AF /* Rock-Paper-ScissorsUITests.xctest */ = {isa = PBXFileReference; explicitFileType = wrapper.cfbundle; includeInIndex = 0; path = "Rock-Paper-ScissorsUITests.xctest"; sourceTree = BUILT_PRODUCTS_DIR; };
		74A0176D1D530C9B0000C3AF /* Rock_Paper_ScissorsUITests.swift */ = {isa = PBXFileReference; lastKnownFileType = sourcecode.swift; path = Rock_Paper_ScissorsUITests.swift; sourceTree = "<group>"; };
		74A0176F1D530C9B0000C3AF /* Info.plist */ = {isa = PBXFileReference; lastKnownFileType = text.plist.xml; path = Info.plist; sourceTree = "<group>"; };
		74A0177D1D530ED40000C3AF /* ResultsScreenViewController.swift */ = {isa = PBXFileReference; fileEncoding = 4; lastKnownFileType = sourcecode.swift; path = ResultsScreenViewController.swift; sourceTree = "<group>"; };
		74A017811D53124A0000C3AF /* itsATie.png */ = {isa = PBXFileReference; lastKnownFileType = image.png; path = itsATie.png; sourceTree = "<group>"; };
		74A017821D53124A0000C3AF /* paper.png */ = {isa = PBXFileReference; lastKnownFileType = image.png; path = paper.png; sourceTree = "<group>"; };
		74A017831D53124A0000C3AF /* PaperCoversRock.jpg */ = {isa = PBXFileReference; lastKnownFileType = image.jpeg; path = PaperCoversRock.jpg; sourceTree = "<group>"; };
		74A017841D53124A0000C3AF /* rock.png */ = {isa = PBXFileReference; lastKnownFileType = image.png; path = rock.png; sourceTree = "<group>"; };
		74A017851D53124A0000C3AF /* RockCrushesScissors.jpeg */ = {isa = PBXFileReference; lastKnownFileType = image.jpeg; path = RockCrushesScissors.jpeg; sourceTree = "<group>"; };
		74A017861D53124A0000C3AF /* scissors.png */ = {isa = PBXFileReference; lastKnownFileType = image.png; path = scissors.png; sourceTree = "<group>"; };
		74A017871D53124A0000C3AF /* ScissorsCutPaper.jpg */ = {isa = PBXFileReference; lastKnownFileType = image.jpeg; path = ScissorsCutPaper.jpg; sourceTree = "<group>"; };
		74A0178F1D59A0CD0000C3AF /* gameplay.swift */ = {isa = PBXFileReference; fileEncoding = 4; lastKnownFileType = sourcecode.swift; path = gameplay.swift; sourceTree = "<group>"; };
/* End PBXFileReference section */

/* Begin PBXFrameworksBuildPhase section */
		74A017471D530C9A0000C3AF /* Frameworks */ = {
			isa = PBXFrameworksBuildPhase;
			buildActionMask = 2147483647;
			files = (
			);
			runOnlyForDeploymentPostprocessing = 0;
		};
		74A0175B1D530C9B0000C3AF /* Frameworks */ = {
			isa = PBXFrameworksBuildPhase;
			buildActionMask = 2147483647;
			files = (
			);
			runOnlyForDeploymentPostprocessing = 0;
		};
		74A017661D530C9B0000C3AF /* Frameworks */ = {
			isa = PBXFrameworksBuildPhase;
			buildActionMask = 2147483647;
			files = (
			);
			runOnlyForDeploymentPostprocessing = 0;
		};
/* End PBXFrameworksBuildPhase section */

/* Begin PBXGroup section */
		74A017411D530C9A0000C3AF = {
			isa = PBXGroup;
			children = (
				74A017801D5312390000C3AF /* images */,
				74A0174C1D530C9B0000C3AF /* Rock-Paper-Scissors */,
				74A017611D530C9B0000C3AF /* Rock-Paper-ScissorsTests */,
				74A0176C1D530C9B0000C3AF /* Rock-Paper-ScissorsUITests */,
				74A0174B1D530C9A0000C3AF /* Products */,
			);
			sourceTree = "<group>";
		};
		74A0174B1D530C9A0000C3AF /* Products */ = {
			isa = PBXGroup;
			children = (
				74A0174A1D530C9A0000C3AF /* Rock-Paper-Scissors.app */,
				74A0175E1D530C9B0000C3AF /* Rock-Paper-ScissorsTests.xctest */,
				74A017691D530C9B0000C3AF /* Rock-Paper-ScissorsUITests.xctest */,
			);
			name = Products;
			sourceTree = "<group>";
		};
		74A0174C1D530C9B0000C3AF /* Rock-Paper-Scissors */ = {
			isa = PBXGroup;
			children = (
				74A0174D1D530C9B0000C3AF /* AppDelegate.swift */,
				74A0174F1D530C9B0000C3AF /* LandingScreenViewController.swift */,
				74A017511D530C9B0000C3AF /* Main.storyboard */,
				74A017561D530C9B0000C3AF /* LaunchScreen.storyboard */,
				74A017591D530C9B0000C3AF /* Info.plist */,
				74A0177D1D530ED40000C3AF /* ResultsScreenViewController.swift */,
				74A0178F1D59A0CD0000C3AF /* gameplay.swift */,
			);
			path = "Rock-Paper-Scissors";
			sourceTree = "<group>";
		};
		74A017611D530C9B0000C3AF /* Rock-Paper-ScissorsTests */ = {
			isa = PBXGroup;
			children = (
				74A017621D530C9B0000C3AF /* Rock_Paper_ScissorsTests.swift */,
				74A017641D530C9B0000C3AF /* Info.plist */,
			);
			path = "Rock-Paper-ScissorsTests";
			sourceTree = "<group>";
		};
		74A0176C1D530C9B0000C3AF /* Rock-Paper-ScissorsUITests */ = {
			isa = PBXGroup;
			children = (
				74A0176D1D530C9B0000C3AF /* Rock_Paper_ScissorsUITests.swift */,
				74A0176F1D530C9B0000C3AF /* Info.plist */,
			);
			path = "Rock-Paper-ScissorsUITests";
			sourceTree = "<group>";
		};
		74A017801D5312390000C3AF /* images */ = {
			isa = PBXGroup;
			children = (
				74A017811D53124A0000C3AF /* itsATie.png */,
				74A017821D53124A0000C3AF /* paper.png */,
				74A017831D53124A0000C3AF /* PaperCoversRock.jpg */,
				74A017841D53124A0000C3AF /* rock.png */,
				74A017851D53124A0000C3AF /* RockCrushesScissors.jpeg */,
				74A017861D53124A0000C3AF /* scissors.png */,
				74A017871D53124A0000C3AF /* ScissorsCutPaper.jpg */,
			);
			name = images;
			sourceTree = "<group>";
		};
/* End PBXGroup section */

/* Begin PBXNativeTarget section */
		74A017491D530C9A0000C3AF /* Rock-Paper-Scissors */ = {
			isa = PBXNativeTarget;
			buildConfigurationList = 74A017721D530C9B0000C3AF /* Build configuration list for PBXNativeTarget "Rock-Paper-Scissors" */;
			buildPhases = (
				74A017461D530C9A0000C3AF /* Sources */,
				74A017471D530C9A0000C3AF /* Frameworks */,
				74A017481D530C9A0000C3AF /* Resources */,
			);
			buildRules = (
			);
			dependencies = (
			);
			name = "Rock-Paper-Scissors";
			productName = "Rock-Paper-Scissors";
			productReference = 74A0174A1D530C9A0000C3AF /* Rock-Paper-Scissors.app */;
			productType = "com.apple.product-type.application";
		};
		74A0175D1D530C9B0000C3AF /* Rock-Paper-ScissorsTests */ = {
			isa = PBXNativeTarget;
			buildConfigurationList = 74A017751D530C9B0000C3AF /* Build configuration list for PBXNativeTarget "Rock-Paper-ScissorsTests" */;
			buildPhases = (
				74A0175A1D530C9B0000C3AF /* Sources */,
				74A0175B1D530C9B0000C3AF /* Frameworks */,
				74A0175C1D530C9B0000C3AF /* Resources */,
			);
			buildRules = (
			);
			dependencies = (
				74A017601D530C9B0000C3AF /* PBXTargetDependency */,
			);
			name = "Rock-Paper-ScissorsTests";
			productName = "Rock-Paper-ScissorsTests";
			productReference = 74A0175E1D530C9B0000C3AF /* Rock-Paper-ScissorsTests.xctest */;
			productType = "com.apple.product-type.bundle.unit-test";
		};
		74A017681D530C9B0000C3AF /* Rock-Paper-ScissorsUITests */ = {
			isa = PBXNativeTarget;
			buildConfigurationList = 74A017781D530C9B0000C3AF /* Build configuration list for PBXNativeTarget "Rock-Paper-ScissorsUITests" */;
			buildPhases = (
				74A017651D530C9B0000C3AF /* Sources */,
				74A017661D530C9B0000C3AF /* Frameworks */,
				74A017671D530C9B0000C3AF /* Resources */,
			);
			buildRules = (
			);
			dependencies = (
				74A0176B1D530C9B0000C3AF /* PBXTargetDependency */,
			);
			name = "Rock-Paper-ScissorsUITests";
			productName = "Rock-Paper-ScissorsUITests";
			productReference = 74A017691D530C9B0000C3AF /* Rock-Paper-ScissorsUITests.xctest */;
			productType = "com.apple.product-type.bundle.ui-testing";
		};
/* End PBXNativeTarget section */

/* Begin PBXProject section */
		74A017421D530C9A0000C3AF /* Project object */ = {
			isa = PBXProject;
			attributes = {
				LastSwiftUpdateCheck = 0730;
				LastUpgradeCheck = 0730;
				ORGANIZATIONNAME = "Mark Thorn";
				TargetAttributes = {
					74A017491D530C9A0000C3AF = {
						CreatedOnToolsVersion = 7.3.1;
					};
					74A0175D1D530C9B0000C3AF = {
						CreatedOnToolsVersion = 7.3.1;
						TestTargetID = 74A017491D530C9A0000C3AF;
					};
					74A017681D530C9B0000C3AF = {
						CreatedOnToolsVersion = 7.3.1;
						TestTargetID = 74A017491D530C9A0000C3AF;
					};
				};
			};
			buildConfigurationList = 74A017451D530C9A0000C3AF /* Build configuration list for PBXProject "Rock-Paper-Scissors" */;
			compatibilityVersion = "Xcode 3.2";
			developmentRegion = English;
			hasScannedForEncodings = 0;
			knownRegions = (
				en,
				Base,
			);
			mainGroup = 74A017411D530C9A0000C3AF;
			productRefGroup = 74A0174B1D530C9A0000C3AF /* Products */;
			projectDirPath = "";
			projectRoot = "";
			targets = (
				74A017491D530C9A0000C3AF /* Rock-Paper-Scissors */,
				74A0175D1D530C9B0000C3AF /* Rock-Paper-ScissorsTests */,
				74A017681D530C9B0000C3AF /* Rock-Paper-ScissorsUITests */,
			);
		};
/* End PBXProject section */

/* Begin PBXResourcesBuildPhase section */
		74A017481D530C9A0000C3AF /* Resources */ = {
			isa = PBXResourcesBuildPhase;
			buildActionMask = 2147483647;
			files = (
				74A0178E1D53124A0000C3AF /* ScissorsCutPaper.jpg in Resources */,
				74A017581D530C9B0000C3AF /* LaunchScreen.storyboard in Resources */,
				74A0178C1D53124A0000C3AF /* RockCrushesScissors.jpeg in Resources */,
				74A017891D53124A0000C3AF /* paper.png in Resources */,
				74A017881D53124A0000C3AF /* itsATie.png in Resources */,
				74A0178B1D53124A0000C3AF /* rock.png in Resources */,
				74A0178A1D53124A0000C3AF /* PaperCoversRock.jpg in Resources */,
				74A017531D530C9B0000C3AF /* Main.storyboard in Resources */,
				74A0178D1D53124A0000C3AF /* scissors.png in Resources */,
			);
			runOnlyForDeploymentPostprocessing = 0;
		};
		74A0175C1D530C9B0000C3AF /* Resources */ = {
			isa = PBXResourcesBuildPhase;
			buildActionMask = 2147483647;
			files = (
			);
			runOnlyForDeploymentPostprocessing = 0;
		};
		74A017671D530C9B0000C3AF /* Resources */ = {
			isa = PBXResourcesBuildPhase;
			buildActionMask = 2147483647;
			files = (
			);
			runOnlyForDeploymentPostprocessing = 0;
		};
/* End PBXResourcesBuildPhase section */

/* Begin PBXSourcesBuildPhase section */
		74A017461D530C9A0000C3AF /* Sources */ = {
			isa = PBXSourcesBuildPhase;
			buildActionMask = 2147483647;
			files = (
				74A0177E1D530ED40000C3AF /* ResultsScreenViewController.swift in Sources */,
				74A017901D59A0CD0000C3AF /* gameplay.swift in Sources */,
				74A017501D530C9B0000C3AF /* LandingScreenViewController.swift in Sources */,
				74A0174E1D530C9B0000C3AF /* AppDelegate.swift in Sources */,
			);
			runOnlyForDeploymentPostprocessing = 0;
		};
		74A0175A1D530C9B0000C3AF /* Sources */ = {
			isa = PBXSourcesBuildPhase;
			buildActionMask = 2147483647;
			files = (
				74A017631D530C9B0000C3AF /* Rock_Paper_ScissorsTests.swift in Sources */,
			);
			runOnlyForDeploymentPostprocessing = 0;
		};
		74A017651D530C9B0000C3AF /* Sources */ = {
			isa = PBXSourcesBuildPhase;
			buildActionMask = 2147483647;
			files = (
				74A0176E1D530C9B0000C3AF /* Rock_Paper_ScissorsUITests.swift in Sources */,
			);
			runOnlyForDeploymentPostprocessing = 0;
		};
/* End PBXSourcesBuildPhase section */

/* Begin PBXTargetDependency section */
		74A017601D530C9B0000C3AF /* PBXTargetDependency */ = {
			isa = PBXTargetDependency;
			target = 74A017491D530C9A0000C3AF /* Rock-Paper-Scissors */;
			targetProxy = 74A0175F1D530C9B0000C3AF /* PBXContainerItemProxy */;
		};
		74A0176B1D530C9B0000C3AF /* PBXTargetDependency */ = {
			isa = PBXTargetDependency;
			target = 74A017491D530C9A0000C3AF /* Rock-Paper-Scissors */;
			targetProxy = 74A0176A1D530C9B0000C3AF /* PBXContainerItemProxy */;
		};
/* End PBXTargetDependency section */

/* Begin PBXVariantGroup section */
		74A017511D530C9B0000C3AF /* Main.storyboard */ = {
			isa = PBXVariantGroup;
			children = (
				74A017521D530C9B0000C3AF /* Base */,
			);
			name = Main.storyboard;
			sourceTree = "<group>";
		};
		74A017561D530C9B0000C3AF /* LaunchScreen.storyboard */ = {
			isa = PBXVariantGroup;
			children = (
				74A017571D530C9B0000C3AF /* Base */,
			);
			name = LaunchScreen.storyboard;
			sourceTree = "<group>";
		};
/* End PBXVariantGroup section */

/* Begin XCBuildConfiguration section */
		74A017701D530C9B0000C3AF /* Debug */ = {
			isa = XCBuildConfiguration;
			buildSettings = {
				ALWAYS_SEARCH_USER_PATHS = NO;
				CLANG_ANALYZER_NONNULL = YES;
				CLANG_CXX_LANGUAGE_STANDARD = "gnu++0x";
				CLANG_CXX_LIBRARY = "libc++";
				CLANG_ENABLE_MODULES = YES;
				CLANG_ENABLE_OBJC_ARC = YES;
				CLANG_WARN_BOOL_CONVERSION = YES;
				CLANG_WARN_CONSTANT_CONVERSION = YES;
				CLANG_WARN_DIRECT_OBJC_ISA_USAGE = YES_ERROR;
				CLANG_WARN_EMPTY_BODY = YES;
				CLANG_WARN_ENUM_CONVERSION = YES;
				CLANG_WARN_INT_CONVERSION = YES;
				CLANG_WARN_OBJC_ROOT_CLASS = YES_ERROR;
				CLANG_WARN_UNREACHABLE_CODE = YES;
				CLANG_WARN__DUPLICATE_METHOD_MATCH = YES;
				"CODE_SIGN_IDENTITY[sdk=iphoneos*]" = "iPhone Developer";
				COPY_PHASE_STRIP = NO;
				DEBUG_INFORMATION_FORMAT = dwarf;
				ENABLE_STRICT_OBJC_MSGSEND = YES;
				ENABLE_TESTABILITY = YES;
				GCC_C_LANGUAGE_STANDARD = gnu99;
				GCC_DYNAMIC_NO_PIC = NO;
				GCC_NO_COMMON_BLOCKS = YES;
				GCC_OPTIMIZATION_LEVEL = 0;
				GCC_PREPROCESSOR_DEFINITIONS = (
					"DEBUG=1",
					"$(inherited)",
				);
				GCC_WARN_64_TO_32_BIT_CONVERSION = YES;
				GCC_WARN_ABOUT_RETURN_TYPE = YES_ERROR;
				GCC_WARN_UNDECLARED_SELECTOR = YES;
				GCC_WARN_UNINITIALIZED_AUTOS = YES_AGGRESSIVE;
				GCC_WARN_UNUSED_FUNCTION = YES;
				GCC_WARN_UNUSED_VARIABLE = YES;
				IPHONEOS_DEPLOYMENT_TARGET = 9.3;
				MTL_ENABLE_DEBUG_INFO = YES;
				ONLY_ACTIVE_ARCH = YES;
				SDKROOT = iphoneos;
				SWIFT_OPTIMIZATION_LEVEL = "-Onone";
				TARGETED_DEVICE_FAMILY = "1,2";
			};
			name = Debug;
		};
		74A017711D530C9B0000C3AF /* Release */ = {
			isa = XCBuildConfiguration;
			buildSettings = {
				ALWAYS_SEARCH_USER_PATHS = NO;
				CLANG_ANALYZER_NONNULL = YES;
				CLANG_CXX_LANGUAGE_STANDARD = "gnu++0x";
				CLANG_CXX_LIBRARY = "libc++";
				CLANG_ENABLE_MODULES = YES;
				CLANG_ENABLE_OBJC_ARC = YES;
				CLANG_WARN_BOOL_CONVERSION = YES;
				CLANG_WARN_CONSTANT_CONVERSION = YES;
				CLANG_WARN_DIRECT_OBJC_ISA_USAGE = YES_ERROR;
				CLANG_WARN_EMPTY_BODY = YES;
				CLANG_WARN_ENUM_CONVERSION = YES;
				CLANG_WARN_INT_CONVERSION = YES;
				CLANG_WARN_OBJC_ROOT_CLASS = YES_ERROR;
				CLANG_WARN_UNREACHABLE_CODE = YES;
				CLANG_WARN__DUPLICATE_METHOD_MATCH = YES;
				"CODE_SIGN_IDENTITY[sdk=iphoneos*]" = "iPhone Developer";
				COPY_PHASE_STRIP = NO;
				DEBUG_INFORMATION_FORMAT = "dwarf-with-dsym";
				ENABLE_NS_ASSERTIONS = NO;
				ENABLE_STRICT_OBJC_MSGSEND = YES;
				GCC_C_LANGUAGE_STANDARD = gnu99;
				GCC_NO_COMMON_BLOCKS = YES;
				GCC_WARN_64_TO_32_BIT_CONVERSION = YES;
				GCC_WARN_ABOUT_RETURN_TYPE = YES_ERROR;
				GCC_WARN_UNDECLARED_SELECTOR = YES;
				GCC_WARN_UNINITIALIZED_AUTOS = YES_AGGRESSIVE;
				GCC_WARN_UNUSED_FUNCTION = YES;
				GCC_WARN_UNUSED_VARIABLE = YES;
				IPHONEOS_DEPLOYMENT_TARGET = 9.3;
				MTL_ENABLE_DEBUG_INFO = NO;
				SDKROOT = iphoneos;
				TARGETED_DEVICE_FAMILY = "1,2";
				VALIDATE_PRODUCT = YES;
			};
			name = Release;
		};
		74A017731D530C9B0000C3AF /* Debug */ = {
			isa = XCBuildConfiguration;
			buildSettings = {
				ASSETCATALOG_COMPILER_APPICON_NAME = AppIcon;
				INFOPLIST_FILE = "Rock-Paper-Scissors/Info.plist";
				LD_RUNPATH_SEARCH_PATHS = "$(inherited) @executable_path/Frameworks";
				PRODUCT_BUNDLE_IDENTIFIER = "com.mthorn.rps.Rock-Paper-Scissors";
				PRODUCT_NAME = "$(TARGET_NAME)";
			};
			name = Debug;
		};
		74A017741D530C9B0000C3AF /* Release */ = {
			isa = XCBuildConfiguration;
			buildSettings = {
				ASSETCATALOG_COMPILER_APPICON_NAME = AppIcon;
				INFOPLIST_FILE = "Rock-Paper-Scissors/Info.plist";
				LD_RUNPATH_SEARCH_PATHS = "$(inherited) @executable_path/Frameworks";
				PRODUCT_BUNDLE_IDENTIFIER = "com.mthorn.rps.Rock-Paper-Scissors";
				PRODUCT_NAME = "$(TARGET_NAME)";
			};
			name = Release;
		};
		74A017761D530C9B0000C3AF /* Debug */ = {
			isa = XCBuildConfiguration;
			buildSettings = {
				BUNDLE_LOADER = "$(TEST_HOST)";
				INFOPLIST_FILE = "Rock-Paper-ScissorsTests/Info.plist";
				LD_RUNPATH_SEARCH_PATHS = "$(inherited) @executable_path/Frameworks @loader_path/Frameworks";
				PRODUCT_BUNDLE_IDENTIFIER = "com.mthorn.rps.Rock-Paper-ScissorsTests";
				PRODUCT_NAME = "$(TARGET_NAME)";
				TEST_HOST = "$(BUILT_PRODUCTS_DIR)/Rock-Paper-Scissors.app/Rock-Paper-Scissors";
			};
			name = Debug;
		};
		74A017771D530C9B0000C3AF /* Release */ = {
			isa = XCBuildConfiguration;
			buildSettings = {
				BUNDLE_LOADER = "$(TEST_HOST)";
				INFOPLIST_FILE = "Rock-Paper-ScissorsTests/Info.plist";
				LD_RUNPATH_SEARCH_PATHS = "$(inherited) @executable_path/Frameworks @loader_path/Frameworks";
				PRODUCT_BUNDLE_IDENTIFIER = "com.mthorn.rps.Rock-Paper-ScissorsTests";
				PRODUCT_NAME = "$(TARGET_NAME)";
				TEST_HOST = "$(BUILT_PRODUCTS_DIR)/Rock-Paper-Scissors.app/Rock-Paper-Scissors";
			};
			name = Release;
		};
		74A017791D530C9B0000C3AF /* Debug */ = {
			isa = XCBuildConfiguration;
			buildSettings = {
				INFOPLIST_FILE = "Rock-Paper-ScissorsUITests/Info.plist";
				LD_RUNPATH_SEARCH_PATHS = "$(inherited) @executable_path/Frameworks @loader_path/Frameworks";
				PRODUCT_BUNDLE_IDENTIFIER = "com.mthorn.rps.Rock-Paper-ScissorsUITests";
				PRODUCT_NAME = "$(TARGET_NAME)";
				TEST_TARGET_NAME = "Rock-Paper-Scissors";
			};
			name = Debug;
		};
		74A0177A1D530C9B0000C3AF /* Release */ = {
			isa = XCBuildConfiguration;
			buildSettings = {
				INFOPLIST_FILE = "Rock-Paper-ScissorsUITests/Info.plist";
				LD_RUNPATH_SEARCH_PATHS = "$(inherited) @executable_path/Frameworks @loader_path/Frameworks";
				PRODUCT_BUNDLE_IDENTIFIER = "com.mthorn.rps.Rock-Paper-ScissorsUITests";
				PRODUCT_NAME = "$(TARGET_NAME)";
				TEST_TARGET_NAME = "Rock-Paper-Scissors";
			};
			name = Release;
		};
/* End XCBuildConfiguration section */

/* Begin XCConfigurationList section */
		74A017451D530C9A0000C3AF /* Build configuration list for PBXProject "Rock-Paper-Scissors" */ = {
			isa = XCConfigurationList;
			buildConfigurations = (
				74A017701D530C9B0000C3AF /* Debug */,
				74A017711D530C9B0000C3AF /* Release */,
			);
			defaultConfigurationIsVisible = 0;
			defaultConfigurationName = Release;
		};
		74A017721D530C9B0000C3AF /* Build configuration list for PBXNativeTarget "Rock-Paper-Scissors" */ = {
			isa = XCConfigurationList;
			buildConfigurations = (
				74A017731D530C9B0000C3AF /* Debug */,
				74A017741D530C9B0000C3AF /* Release */,
			);
			defaultConfigurationIsVisible = 0;
		};
		74A017751D530C9B0000C3AF /* Build configuration list for PBXNativeTarget "Rock-Paper-ScissorsTests" */ = {
			isa = XCConfigurationList;
			buildConfigurations = (
				74A017761D530C9B0000C3AF /* Debug */,
				74A017771D530C9B0000C3AF /* Release */,
			);
			defaultConfigurationIsVisible = 0;
		};
		74A017781D530C9B0000C3AF /* Build configuration list for PBXNativeTarget "Rock-Paper-ScissorsUITests" */ = {
			isa = XCConfigurationList;
			buildConfigurations = (
				74A017791D530C9B0000C3AF /* Debug */,
				74A0177A1D530C9B0000C3AF /* Release */,
			);
			defaultConfigurationIsVisible = 0;
		};
/* End XCConfigurationList section */
	};
	rootObject = 74A017421D530C9A0000C3AF /* Project object */;
}
